
Microsoft Visual Studio Solution File, Format Version 12.00
# Visual Studio 15
VisualStudioVersion = 15.0.26730.16
MinimumVisualStudioVersion = 10.0.40219.1
Project("{FAE04EC0-301F-11D3-BF4B-00C04F79EFBC}") = "Flappy bird", "Flappy bird\Flappy bird.csproj", "{5B349ED2-2B14-4485-A667-A11AA6B89FEA}"
EndProject
Global
	GlobalSection(SolutionConfigurationPlatforms) = preSolution
		Debug|Any CPU = Debug|Any CPU
		Release|Any CPU = Release|Any CPU
	EndGlobalSection
	GlobalSection(ProjectConfigurationPlatforms) = postSolution
		{5B349ED2-2B14-4485-A667-A11AA6B89FEA}.Debug|Any CPU.ActiveCfg = Debug|Any CPU
		{5B349ED2-2B14-4485-A667-A11AA6B89FEA}.Debug|Any CPU.Build.0 = Debug|Any CPU
		{5B349ED2-2B14-4485-A667-A11AA6B89FEA}.Release|Any CPU.ActiveCfg = Release|Any CPU
		{5B349ED2-2B14-4485-A667-A11AA6B89FEA}.Release|Any CPU.Build.0 = Release|Any CPU
	EndGlobalSection
	GlobalSection(SolutionProperties) = preSolution
		HideSolutionNode = FALSE
	EndGlobalSection
	GlobalSection(ExtensibilityGlobals) = postSolution
		SolutionGuid = {E157F26E-D6A2-42B5-8CA7-3A57B93DDFB6}
	EndGlobalSection
EndGlobal
